
Microsoft Visual Studio Solution File, Format Version 12.00
# Visual Studio 14
VisualStudioVersion = 14.0.25420.1
MinimumVisualStudioVersion = 10.0.40219.1
Project("{FAE04EC0-301F-11D3-BF4B-00C04F79EFBC}") = "WebAppEscola", "WebAppEscola\WebAppEscola.csproj", "{AFE7834D-F816-4841-89A4-88EB03854070}"
EndProject
Project("{FAE04EC0-301F-11D3-BF4B-00C04F79EFBC}") = "WebAppEscola.Tests", "WebAppEscola.Tests\WebAppEscola.Tests.csproj", "{27EF8B85-15B0-485D-B456-54091A9E1F84}"
EndProject
Project("{FAE04EC0-301F-11D3-BF4B-00C04F79EFBC}") = "Escola.Entidades", "Escola.Entidades\Escola.Entidades.csproj", "{BD7FED79-A71C-4349-8367-CC87EB6B9FA3}"
EndProject
Project("{FAE04EC0-301F-11D3-BF4B-00C04F79EFBC}") = "Escola.DAL", "Escola.DAL\Escola.DAL.csproj", "{EEB08667-D143-4ECA-9A22-2195370154C3}"
EndProject
Project("{FAE04EC0-301F-11D3-BF4B-00C04F79EFBC}") = "Escola.Tests", "Escola.Tests\Escola.Tests.csproj", "{49CFF2C1-E7C6-4FF8-8765-EF07F94AE994}"
EndProject
Project("{FAE04EC0-301F-11D3-BF4B-00C04F79EFBC}") = "EscolaUI.Tests", "EscolaUI.Tests\EscolaUI.Tests.csproj", "{0F082688-C36F-4CDD-BAF2-33AF78053A83}"
EndProject
Project("{FAE04EC0-301F-11D3-BF4B-00C04F79EFBC}") = "br.procon.si.UI.Consumidor.Tests", "br.procon.si.UI.Consumidor.Tests\br.procon.si.UI.Consumidor.Tests.csproj", "{07917251-B772-4C85-8AB1-13208CDAAD59}"
EndProject
Global
	GlobalSection(SolutionConfigurationPlatforms) = preSolution
		Debug|Any CPU = Debug|Any CPU
		Release|Any CPU = Release|Any CPU
	EndGlobalSection
	GlobalSection(ProjectConfigurationPlatforms) = postSolution
		{AFE7834D-F816-4841-89A4-88EB03854070}.Debug|Any CPU.ActiveCfg = Debug|Any CPU
		{AFE7834D-F816-4841-89A4-88EB03854070}.Debug|Any CPU.Build.0 = Debug|Any CPU
		{AFE7834D-F816-4841-89A4-88EB03854070}.Release|Any CPU.ActiveCfg = Release|Any CPU
		{AFE7834D-F816-4841-89A4-88EB03854070}.Release|Any CPU.Build.0 = Release|Any CPU
		{27EF8B85-15B0-485D-B456-54091A9E1F84}.Debug|Any CPU.ActiveCfg = Debug|Any CPU
		{27EF8B85-15B0-485D-B456-54091A9E1F84}.Debug|Any CPU.Build.0 = Debug|Any CPU
		{27EF8B85-15B0-485D-B456-54091A9E1F84}.Release|Any CPU.ActiveCfg = Release|Any CPU
		{27EF8B85-15B0-485D-B456-54091A9E1F84}.Release|Any CPU.Build.0 = Release|Any CPU
		{BD7FED79-A71C-4349-8367-CC87EB6B9FA3}.Debug|Any CPU.ActiveCfg = Debug|Any CPU
		{BD7FED79-A71C-4349-8367-CC87EB6B9FA3}.Debug|Any CPU.Build.0 = Debug|Any CPU
		{BD7FED79-A71C-4349-8367-CC87EB6B9FA3}.Release|Any CPU.ActiveCfg = Release|Any CPU
		{BD7FED79-A71C-4349-8367-CC87EB6B9FA3}.Release|Any CPU.Build.0 = Release|Any CPU
		{EEB08667-D143-4ECA-9A22-2195370154C3}.Debug|Any CPU.ActiveCfg = Debug|Any CPU
		{EEB08667-D143-4ECA-9A22-2195370154C3}.Debug|Any CPU.Build.0 = Debug|Any CPU
		{EEB08667-D143-4ECA-9A22-2195370154C3}.Release|Any CPU.ActiveCfg = Release|Any CPU
		{EEB08667-D143-4ECA-9A22-2195370154C3}.Release|Any CPU.Build.0 = Release|Any CPU
		{49CFF2C1-E7C6-4FF8-8765-EF07F94AE994}.Debug|Any CPU.ActiveCfg = Debug|Any CPU
		{49CFF2C1-E7C6-4FF8-8765-EF07F94AE994}.Debug|Any CPU.Build.0 = Debug|Any CPU
		{49CFF2C1-E7C6-4FF8-8765-EF07F94AE994}.Release|Any CPU.ActiveCfg = Release|Any CPU
		{49CFF2C1-E7C6-4FF8-8765-EF07F94AE994}.Release|Any CPU.Build.0 = Release|Any CPU
		{0F082688-C36F-4CDD-BAF2-33AF78053A83}.Debug|Any CPU.ActiveCfg = Debug|Any CPU
		{0F082688-C36F-4CDD-BAF2-33AF78053A83}.Debug|Any CPU.Build.0 = Debug|Any CPU
		{0F082688-C36F-4CDD-BAF2-33AF78053A83}.Release|Any CPU.ActiveCfg = Release|Any CPU
		{0F082688-C36F-4CDD-BAF2-33AF78053A83}.Release|Any CPU.Build.0 = Release|Any CPU
		{07917251-B772-4C85-8AB1-13208CDAAD59}.Debug|Any CPU.ActiveCfg = Debug|Any CPU
		{07917251-B772-4C85-8AB1-13208CDAAD59}.Debug|Any CPU.Build.0 = Debug|Any CPU
		{07917251-B772-4C85-8AB1-13208CDAAD59}.Release|Any CPU.ActiveCfg = Release|Any CPU
		{07917251-B772-4C85-8AB1-13208CDAAD59}.Release|Any CPU.Build.0 = Release|Any CPU
	EndGlobalSection
	GlobalSection(SolutionProperties) = preSolution
		HideSolutionNode = FALSE
	EndGlobalSection
EndGlobal
